# THIS IS AN AUTOGENERATED FILE. DO NOT EDIT THIS FILE DIRECTLY.
# yarn lockfile v1


"datatables.net-dt@^1.11.3":
  "integrity" "sha512-EX/thRwXpQRj8hZSb+ZMDNQ4uW1zLZa9BoAhhw1b5HIDH1nJ9WRTkERsoxE+3WISeX8bDiaEydf8TTQBSqxXVw=="
  "resolved" "https://registry.npmjs.org/datatables.net-dt/-/datatables.net-dt-1.11.3.tgz"
  "version" "1.11.3"
  dependencies:
    "datatables.net" ">=1.10.25"
    "jquery" ">=1.7"

"datatables.net@^1.11.3", "datatables.net@>=1.10.25":
  "integrity" "sha512-VMj5qEaTebpNurySkM6jy6sGpl+s6onPK8xJhYr296R/vUBnz1+id16NVqNf9z5aR076OGcpGHCuiTuy4E05oQ=="
  "resolved" "https://registry.npmjs.org/datatables.net/-/datatables.net-1.11.3.tgz"
  "version" "1.11.3"
  dependencies:
    "jquery" ">=1.7"

"jquery@>=1.7":
  "integrity" "sha512-JVzAR/AjBvVt2BmYhxRCSYysDsPcssdmTFnzyLEts9qNwmjmu4JTAMYubEfwVOSwpQ1I1sKKFcxhZCI2buerfw=="
  "resolved" "https://registry.npmjs.org/jquery/-/jquery-3.6.0.tgz"
  "version" "3.6.0"

"moment@^2.29.1":
  "integrity" "sha512-kHmoybcPV8Sqy59DwNDY3Jefr64lK/by/da0ViFcuA4DH0vQg5Q6Ze5VimxkfQNSC+Mls/Kx53s7TjP1RhFEDQ=="
  "resolved" "https://registry.npmjs.org/moment/-/moment-2.29.1.tgz"
  "version" "2.29.1"
